
Microsoft Visual Studio Solution File, Format Version 12.00
# Visual Studio Version 17
VisualStudioVersion = 17.11.35327.3
MinimumVisualStudioVersion = 10.0.40219.1
Project("{FAE04EC0-301F-11D3-BF4B-00C04F79EFBC}") = "reqnroll", "reqnroll\reqnroll.csproj", "{E1FB71F3-F723-4F2E-8B73-346254F7276D}"
EndProject
Global
	GlobalSection(SolutionConfigurationPlatforms) = preSolution
		Debug|Any CPU = Debug|Any CPU
		Release|Any CPU = Release|Any CPU
	EndGlobalSection
	GlobalSection(ProjectConfigurationPlatforms) = postSolution
		{E1FB71F3-F723-4F2E-8B73-346254F7276D}.Debug|Any CPU.ActiveCfg = Debug|Any CPU
		{E1FB71F3-F723-4F2E-8B73-346254F7276D}.Debug|Any CPU.Build.0 = Debug|Any CPU
		{E1FB71F3-F723-4F2E-8B73-346254F7276D}.Release|Any CPU.ActiveCfg = Release|Any CPU
		{E1FB71F3-F723-4F2E-8B73-346254F7276D}.Release|Any CPU.Build.0 = Release|Any CPU
	EndGlobalSection
	GlobalSection(SolutionProperties) = preSolution
		HideSolutionNode = FALSE
	EndGlobalSection
	GlobalSection(ExtensibilityGlobals) = postSolution
		SolutionGuid = {25A43824-19E3-43D2-9FFA-6598988323A4}
	EndGlobalSection
EndGlobal
